// !$*UTF8*$!
{
	archiveVersion = 1;
	classes = {
	};
	objectVersion = 55;
	objects = {

/* Begin PBXBuildFile section */
		4714B854277EA4DD00BB811D /* UI_409App.swift in Sources */ = {isa = PBXBuildFile; fileRef = 4714B853277EA4DD00BB811D /* UI_409App.swift */; };
		4714B856277EA4DD00BB811D /* ContentView.swift in Sources */ = {isa = PBXBuildFile; fileRef = 4714B855277EA4DD00BB811D /* ContentView.swift */; };
		4714B858277EA4DF00BB811D /* Assets.xcassets in Resources */ = {isa = PBXBuildFile; fileRef = 4714B857277EA4DF00BB811D /* Assets.xcassets */; };
		4714B85B277EA4DF00BB811D /* Preview Assets.xcassets in Resources */ = {isa = PBXBuildFile; fileRef = 4714B85A277EA4DF00BB811D /* Preview Assets.xcassets */; };
		4714B865277EA4DF00BB811D /* UI_409Tests.swift in Sources */ = {isa = PBXBuildFile; fileRef = 4714B864277EA4DF00BB811D /* UI_409Tests.swift */; };
		4714B86F277EA4DF00BB811D /* UI_409UITests.swift in Sources */ = {isa = PBXBuildFile; fileRef = 4714B86E277EA4DF00BB811D /* UI_409UITests.swift */; };
		4714B871277EA4DF00BB811D /* UI_409UITestsLaunchTests.swift in Sources */ = {isa = PBXBuildFile; fileRef = 4714B870277EA4DF00BB811D /* UI_409UITestsLaunchTests.swift */; };
		4714B87F277EA4EB00BB811D /* Food.swift in Sources */ = {isa = PBXBuildFile; fileRef = 4714B87E277EA4EB00BB811D /* Food.swift */; };
		4714B882277EA4F600BB811D /* FoodView.swift in Sources */ = {isa = PBXBuildFile; fileRef = 4714B881277EA4F600BB811D /* FoodView.swift */; };
		475C6776277F2A1E0058C999 /* MainPage.swift in Sources */ = {isa = PBXBuildFile; fileRef = 475C6775277F2A1E0058C999 /* MainPage.swift */; };
		475C6778277F2A740058C999 /* SlideView.swift in Sources */ = {isa = PBXBuildFile; fileRef = 475C6777277F2A740058C999 /* SlideView.swift */; };
		475C677A277F2FBB0058C999 /* CustomTabView.swift in Sources */ = {isa = PBXBuildFile; fileRef = 475C6779277F2FBB0058C999 /* CustomTabView.swift */; };
		475C677F277F37770058C999 /* PicsumView.swift in Sources */ = {isa = PBXBuildFile; fileRef = 475C677E277F37770058C999 /* PicsumView.swift */; };
		475C6781277F3DAC0058C999 /* BoxView.swift in Sources */ = {isa = PBXBuildFile; fileRef = 475C6780277F3DAC0058C999 /* BoxView.swift */; };
		475C6783277F40F50058C999 /* Link.swift in Sources */ = {isa = PBXBuildFile; fileRef = 475C6782277F40F50058C999 /* Link.swift */; };
		475C6785277F411B0058C999 /* LinkView.swift in Sources */ = {isa = PBXBuildFile; fileRef = 475C6784277F411B0058C999 /* LinkView.swift */; };
/* End PBXBuildFile section */

/* Begin PBXContainerItemProxy section */
		4714B861277EA4DF00BB811D /* PBXContainerItemProxy */ = {
			isa = PBXContainerItemProxy;
			containerPortal = 4714B848277EA4DD00BB811D /* Project object */;
			proxyType = 1;
			remoteGlobalIDString = 4714B84F277EA4DD00BB811D;
			remoteInfo = "UI-409";
		};
		4714B86B277EA4DF00BB811D /* PBXContainerItemProxy */ = {
			isa = PBXContainerItemProxy;
			containerPortal = 4714B848277EA4DD00BB811D /* Project object */;
			proxyType = 1;
			remoteGlobalIDString = 4714B84F277EA4DD00BB811D;
			remoteInfo = "UI-409";
		};
/* End PBXContainerItemProxy section */

/* Begin PBXFileReference section */
		4714B850277EA4DD00BB811D /* UI-409.app */ = {isa = PBXFileReference; explicitFileType = wrapper.application; includeInIndex = 0; path = "UI-409.app"; sourceTree = BUILT_PRODUCTS_DIR; };
		4714B853277EA4DD00BB811D /* UI_409App.swift */ = {isa = PBXFileReference; lastKnownFileType = sourcecode.swift; path = UI_409App.swift; sourceTree = "<group>"; };
		4714B855277EA4DD00BB811D /* ContentView.swift */ = {isa = PBXFileReference; lastKnownFileType = sourcecode.swift; path = ContentView.swift; sourceTree = "<group>"; };
		4714B857277EA4DF00BB811D /* Assets.xcassets */ = {isa = PBXFileReference; lastKnownFileType = folder.assetcatalog; path = Assets.xcassets; sourceTree = "<group>"; };
		4714B85A277EA4DF00BB811D /* Preview Assets.xcassets */ = {isa = PBXFileReference; lastKnownFileType = folder.assetcatalog; path = "Preview Assets.xcassets"; sourceTree = "<group>"; };
		4714B860277EA4DF00BB811D /* UI-409Tests.xctest */ = {isa = PBXFileReference; explicitFileType = wrapper.cfbundle; includeInIndex = 0; path = "UI-409Tests.xctest"; sourceTree = BUILT_PRODUCTS_DIR; };
		4714B864277EA4DF00BB811D /* UI_409Tests.swift */ = {isa = PBXFileReference; lastKnownFileType = sourcecode.swift; path = UI_409Tests.swift; sourceTree = "<group>"; };
		4714B86A277EA4DF00BB811D /* UI-409UITests.xctest */ = {isa = PBXFileReference; explicitFileType = wrapper.cfbundle; includeInIndex = 0; path = "UI-409UITests.xctest"; sourceTree = BUILT_PRODUCTS_DIR; };
		4714B86E277EA4DF00BB811D /* UI_409UITests.swift */ = {isa = PBXFileReference; lastKnownFileType = sourcecode.swift; path = UI_409UITests.swift; sourceTree = "<group>"; };
		4714B870277EA4DF00BB811D /* UI_409UITestsLaunchTests.swift */ = {isa = PBXFileReference; lastKnownFileType = sourcecode.swift; path = UI_409UITestsLaunchTests.swift; sourceTree = "<group>"; };
		4714B87E277EA4EB00BB811D /* Food.swift */ = {isa = PBXFileReference; lastKnownFileType = sourcecode.swift; path = Food.swift; sourceTree = "<group>"; };
		4714B881277EA4F600BB811D /* FoodView.swift */ = {isa = PBXFileReference; lastKnownFileType = sourcecode.swift; path = FoodView.swift; sourceTree = "<group>"; };
		475C6775277F2A1E0058C999 /* MainPage.swift */ = {isa = PBXFileReference; lastKnownFileType = sourcecode.swift; path = MainPage.swift; sourceTree = "<group>"; };
		475C6777277F2A740058C999 /* SlideView.swift */ = {isa = PBXFileReference; lastKnownFileType = sourcecode.swift; path = SlideView.swift; sourceTree = "<group>"; };
		475C6779277F2FBB0058C999 /* CustomTabView.swift */ = {isa = PBXFileReference; lastKnownFileType = sourcecode.swift; path = CustomTabView.swift; sourceTree = "<group>"; };
		475C677E277F37770058C999 /* PicsumView.swift */ = {isa = PBXFileReference; lastKnownFileType = sourcecode.swift; path = PicsumView.swift; sourceTree = "<group>"; };
		475C6780277F3DAC0058C999 /* BoxView.swift */ = {isa = PBXFileReference; lastKnownFileType = sourcecode.swift; path = BoxView.swift; sourceTree = "<group>"; };
		475C6782277F40F50058C999 /* Link.swift */ = {isa = PBXFileReference; lastKnownFileType = sourcecode.swift; path = Link.swift; sourceTree = "<group>"; };
		475C6784277F411B0058C999 /* LinkView.swift */ = {isa = PBXFileReference; lastKnownFileType = sourcecode.swift; path = LinkView.swift; sourceTree = "<group>"; };
/* End PBXFileReference section */

/* Begin PBXFrameworksBuildPhase section */
		4714B84D277EA4DD00BB811D /* Frameworks */ = {
			isa = PBXFrameworksBuildPhase;
			buildActionMask = 2147483647;
			files = (
			);
			runOnlyForDeploymentPostprocessing = 0;
		};
		4714B85D277EA4DF00BB811D /* Frameworks */ = {
			isa = PBXFrameworksBuildPhase;
			buildActionMask = 2147483647;
			files = (
			);
			runOnlyForDeploymentPostprocessing = 0;
		};
		4714B867277EA4DF00BB811D /* Frameworks */ = {
			isa = PBXFrameworksBuildPhase;
			buildActionMask = 2147483647;
			files = (
			);
			runOnlyForDeploymentPostprocessing = 0;
		};
/* End PBXFrameworksBuildPhase section */

/* Begin PBXGroup section */
		4714B847277EA4DD00BB811D = {
			isa = PBXGroup;
			children = (
				4714B852277EA4DD00BB811D /* UI-409 */,
				4714B863277EA4DF00BB811D /* UI-409Tests */,
				4714B86D277EA4DF00BB811D /* UI-409UITests */,
				4714B851277EA4DD00BB811D /* Products */,
			);
			sourceTree = "<group>";
		};
		4714B851277EA4DD00BB811D /* Products */ = {
			isa = PBXGroup;
			children = (
				4714B850277EA4DD00BB811D /* UI-409.app */,
				4714B860277EA4DF00BB811D /* UI-409Tests.xctest */,
				4714B86A277EA4DF00BB811D /* UI-409UITests.xctest */,
			);
			name = Products;
			sourceTree = "<group>";
		};
		4714B852277EA4DD00BB811D /* UI-409 */ = {
			isa = PBXGroup;
			children = (
				4714B880277EA4EE00BB811D /* View */,
				4714B87D277EA4E200BB811D /* Model */,
				4714B853277EA4DD00BB811D /* UI_409App.swift */,
				4714B855277EA4DD00BB811D /* ContentView.swift */,
				4714B857277EA4DF00BB811D /* Assets.xcassets */,
				4714B859277EA4DF00BB811D /* Preview Content */,
			);
			path = "UI-409";
			sourceTree = "<group>";
		};
		4714B859277EA4DF00BB811D /* Preview Content */ = {
			isa = PBXGroup;
			children = (
				4714B85A277EA4DF00BB811D /* Preview Assets.xcassets */,
			);
			path = "Preview Content";
			sourceTree = "<group>";
		};
		4714B863277EA4DF00BB811D /* UI-409Tests */ = {
			isa = PBXGroup;
			children = (
				4714B864277EA4DF00BB811D /* UI_409Tests.swift */,
			);
			path = "UI-409Tests";
			sourceTree = "<group>";
		};
		4714B86D277EA4DF00BB811D /* UI-409UITests */ = {
			isa = PBXGroup;
			children = (
				4714B86E277EA4DF00BB811D /* UI_409UITests.swift */,
				4714B870277EA4DF00BB811D /* UI_409UITestsLaunchTests.swift */,
			);
			path = "UI-409UITests";
			sourceTree = "<group>";
		};
		4714B87D277EA4E200BB811D /* Model */ = {
			isa = PBXGroup;
			children = (
				4714B87E277EA4EB00BB811D /* Food.swift */,
				475C6782277F40F50058C999 /* Link.swift */,
			);
			path = Model;
			sourceTree = "<group>";
		};
		4714B880277EA4EE00BB811D /* View */ = {
			isa = PBXGroup;
			children = (
				475C677B277F37630058C999 /* Tabs */,
				4714B881277EA4F600BB811D /* FoodView.swift */,
				475C6775277F2A1E0058C999 /* MainPage.swift */,
				475C6777277F2A740058C999 /* SlideView.swift */,
				475C6779277F2FBB0058C999 /* CustomTabView.swift */,
			);
			path = View;
			sourceTree = "<group>";
		};
		475C677B277F37630058C999 /* Tabs */ = {
			isa = PBXGroup;
			children = (
				475C677E277F37770058C999 /* PicsumView.swift */,
				475C6780277F3DAC0058C999 /* BoxView.swift */,
				475C6784277F411B0058C999 /* LinkView.swift */,
			);
			path = Tabs;
			sourceTree = "<group>";
		};
/* End PBXGroup section */

/* Begin PBXNativeTarget section */
		4714B84F277EA4DD00BB811D /* UI-409 */ = {
			isa = PBXNativeTarget;
			buildConfigurationList = 4714B874277EA4DF00BB811D /* Build configuration list for PBXNativeTarget "UI-409" */;
			buildPhases = (
				4714B84C277EA4DD00BB811D /* Sources */,
				4714B84D277EA4DD00BB811D /* Frameworks */,
				4714B84E277EA4DD00BB811D /* Resources */,
			);
			buildRules = (
			);
			dependencies = (
			);
			name = "UI-409";
			productName = "UI-409";
			productReference = 4714B850277EA4DD00BB811D /* UI-409.app */;
			productType = "com.apple.product-type.application";
		};
		4714B85F277EA4DF00BB811D /* UI-409Tests */ = {
			isa = PBXNativeTarget;
			buildConfigurationList = 4714B877277EA4DF00BB811D /* Build configuration list for PBXNativeTarget "UI-409Tests" */;
			buildPhases = (
				4714B85C277EA4DF00BB811D /* Sources */,
				4714B85D277EA4DF00BB811D /* Frameworks */,
				4714B85E277EA4DF00BB811D /* Resources */,
			);
			buildRules = (
			);
			dependencies = (
				4714B862277EA4DF00BB811D /* PBXTargetDependency */,
			);
			name = "UI-409Tests";
			productName = "UI-409Tests";
			productReference = 4714B860277EA4DF00BB811D /* UI-409Tests.xctest */;
			productType = "com.apple.product-type.bundle.unit-test";
		};
		4714B869277EA4DF00BB811D /* UI-409UITests */ = {
			isa = PBXNativeTarget;
			buildConfigurationList = 4714B87A277EA4DF00BB811D /* Build configuration list for PBXNativeTarget "UI-409UITests" */;
			buildPhases = (
				4714B866277EA4DF00BB811D /* Sources */,
				4714B867277EA4DF00BB811D /* Frameworks */,
				4714B868277EA4DF00BB811D /* Resources */,
			);
			buildRules = (
			);
			dependencies = (
				4714B86C277EA4DF00BB811D /* PBXTargetDependency */,
			);
			name = "UI-409UITests";
			productName = "UI-409UITests";
			productReference = 4714B86A277EA4DF00BB811D /* UI-409UITests.xctest */;
			productType = "com.apple.product-type.bundle.ui-testing";
		};
/* End PBXNativeTarget section */

/* Begin PBXProject section */
		4714B848277EA4DD00BB811D /* Project object */ = {
			isa = PBXProject;
			attributes = {
				BuildIndependentTargetsInParallel = 1;
				LastSwiftUpdateCheck = 1320;
				LastUpgradeCheck = 1320;
				TargetAttributes = {
					4714B84F277EA4DD00BB811D = {
						CreatedOnToolsVersion = 13.2.1;
					};
					4714B85F277EA4DF00BB811D = {
						CreatedOnToolsVersion = 13.2.1;
						TestTargetID = 4714B84F277EA4DD00BB811D;
					};
					4714B869277EA4DF00BB811D = {
						CreatedOnToolsVersion = 13.2.1;
						TestTargetID = 4714B84F277EA4DD00BB811D;
					};
				};
			};
			buildConfigurationList = 4714B84B277EA4DD00BB811D /* Build configuration list for PBXProject "UI-409" */;
			compatibilityVersion = "Xcode 13.0";
			developmentRegion = en;
			hasScannedForEncodings = 0;
			knownRegions = (
				en,
				Base,
			);
			mainGroup = 4714B847277EA4DD00BB811D;
			productRefGroup = 4714B851277EA4DD00BB811D /* Products */;
			projectDirPath = "";
			projectRoot = "";
			targets = (
				4714B84F277EA4DD00BB811D /* UI-409 */,
				4714B85F277EA4DF00BB811D /* UI-409Tests */,
				4714B869277EA4DF00BB811D /* UI-409UITests */,
			);
		};
/* End PBXProject section */

/* Begin PBXResourcesBuildPhase section */
		4714B84E277EA4DD00BB811D /* Resources */ = {
			isa = PBXResourcesBuildPhase;
			buildActionMask = 2147483647;
			files = (
				4714B85B277EA4DF00BB811D /* Preview Assets.xcassets in Resources */,
				4714B858277EA4DF00BB811D /* Assets.xcassets in Resources */,
			);
			runOnlyForDeploymentPostprocessing = 0;
		};
		4714B85E277EA4DF00BB811D /* Resources */ = {
			isa = PBXResourcesBuildPhase;
			buildActionMask = 2147483647;
			files = (
			);
			runOnlyForDeploymentPostprocessing = 0;
		};
		4714B868277EA4DF00BB811D /* Resources */ = {
			isa = PBXResourcesBuildPhase;
			buildActionMask = 2147483647;
			files = (
			);
			runOnlyForDeploymentPostprocessing = 0;
		};
/* End PBXResourcesBuildPhase section */

/* Begin PBXSourcesBuildPhase section */
		4714B84C277EA4DD00BB811D /* Sources */ = {
			isa = PBXSourcesBuildPhase;
			buildActionMask = 2147483647;
			files = (
				475C6778277F2A740058C999 /* SlideView.swift in Sources */,
				475C6776277F2A1E0058C999 /* MainPage.swift in Sources */,
				4714B882277EA4F600BB811D /* FoodView.swift in Sources */,
				4714B856277EA4DD00BB811D /* ContentView.swift in Sources */,
				4714B854277EA4DD00BB811D /* UI_409App.swift in Sources */,
				4714B87F277EA4EB00BB811D /* Food.swift in Sources */,
				475C677A277F2FBB0058C999 /* CustomTabView.swift in Sources */,
				475C677F277F37770058C999 /* PicsumView.swift in Sources */,
				475C6781277F3DAC0058C999 /* BoxView.swift in Sources */,
				475C6785277F411B0058C999 /* LinkView.swift in Sources */,
				475C6783277F40F50058C999 /* Link.swift in Sources */,
			);
			runOnlyForDeploymentPostprocessing = 0;
		};
		4714B85C277EA4DF00BB811D /* Sources */ = {
			isa = PBXSourcesBuildPhase;
			buildActionMask = 2147483647;
			files = (
				4714B865277EA4DF00BB811D /* UI_409Tests.swift in Sources */,
			);
			runOnlyForDeploymentPostprocessing = 0;
		};
		4714B866277EA4DF00BB811D /* Sources */ = {
			isa = PBXSourcesBuildPhase;
			buildActionMask = 2147483647;
			files = (
				4714B871277EA4DF00BB811D /* UI_409UITestsLaunchTests.swift in Sources */,
				4714B86F277EA4DF00BB811D /* UI_409UITests.swift in Sources */,
			);
			runOnlyForDeploymentPostprocessing = 0;
		};
/* End PBXSourcesBuildPhase section */

/* Begin PBXTargetDependency section */
		4714B862277EA4DF00BB811D /* PBXTargetDependency */ = {
			isa = PBXTargetDependency;
			target = 4714B84F277EA4DD00BB811D /* UI-409 */;
			targetProxy = 4714B861277EA4DF00BB811D /* PBXContainerItemProxy */;
		};
		4714B86C277EA4DF00BB811D /* PBXTargetDependency */ = {
			isa = PBXTargetDependency;
			target = 4714B84F277EA4DD00BB811D /* UI-409 */;
			targetProxy = 4714B86B277EA4DF00BB811D /* PBXContainerItemProxy */;
		};
/* End PBXTargetDependency section */

/* Begin XCBuildConfiguration section */
		4714B872277EA4DF00BB811D /* Debug */ = {
			isa = XCBuildConfiguration;
			buildSettings = {
				ALWAYS_SEARCH_USER_PATHS = NO;
				CLANG_ANALYZER_NONNULL = YES;
				CLANG_ANALYZER_NUMBER_OBJECT_CONVERSION = YES_AGGRESSIVE;
				CLANG_CXX_LANGUAGE_STANDARD = "gnu++17";
				CLANG_CXX_LIBRARY = "libc++";
				CLANG_ENABLE_MODULES = YES;
				CLANG_ENABLE_OBJC_ARC = YES;
				CLANG_ENABLE_OBJC_WEAK = YES;
				CLANG_WARN_BLOCK_CAPTURE_AUTORELEASING = YES;
				CLANG_WARN_BOOL_CONVERSION = YES;
				CLANG_WARN_COMMA = YES;
				CLANG_WARN_CONSTANT_CONVERSION = YES;
				CLANG_WARN_DEPRECATED_OBJC_IMPLEMENTATIONS = YES;
				CLANG_WARN_DIRECT_OBJC_ISA_USAGE = YES_ERROR;
				CLANG_WARN_DOCUMENTATION_COMMENTS = YES;
				CLANG_WARN_EMPTY_BODY = YES;
				CLANG_WARN_ENUM_CONVERSION = YES;
				CLANG_WARN_INFINITE_RECURSION = YES;
				CLANG_WARN_INT_CONVERSION = YES;
				CLANG_WARN_NON_LITERAL_NULL_CONVERSION = YES;
				CLANG_WARN_OBJC_IMPLICIT_RETAIN_SELF = YES;
				CLANG_WARN_OBJC_LITERAL_CONVERSION = YES;
				CLANG_WARN_OBJC_ROOT_CLASS = YES_ERROR;
				CLANG_WARN_QUOTED_INCLUDE_IN_FRAMEWORK_HEADER = YES;
				CLANG_WARN_RANGE_LOOP_ANALYSIS = YES;
				CLANG_WARN_STRICT_PROTOTYPES = YES;
				CLANG_WARN_SUSPICIOUS_MOVE = YES;
				CLANG_WARN_UNGUARDED_AVAILABILITY = YES_AGGRESSIVE;
				CLANG_WARN_UNREACHABLE_CODE = YES;
				CLANG_WARN__DUPLICATE_METHOD_MATCH = YES;
				COPY_PHASE_STRIP = NO;
				DEBUG_INFORMATION_FORMAT = dwarf;
				ENABLE_STRICT_OBJC_MSGSEND = YES;
				ENABLE_TESTABILITY = YES;
				GCC_C_LANGUAGE_STANDARD = gnu11;
				GCC_DYNAMIC_NO_PIC = NO;
				GCC_NO_COMMON_BLOCKS = YES;
				GCC_OPTIMIZATION_LEVEL = 0;
				GCC_PREPROCESSOR_DEFINITIONS = (
					"DEBUG=1",
					"$(inherited)",
				);
				GCC_WARN_64_TO_32_BIT_CONVERSION = YES;
				GCC_WARN_ABOUT_RETURN_TYPE = YES_ERROR;
				GCC_WARN_UNDECLARED_SELECTOR = YES;
				GCC_WARN_UNINITIALIZED_AUTOS = YES_AGGRESSIVE;
				GCC_WARN_UNUSED_FUNCTION = YES;
				GCC_WARN_UNUSED_VARIABLE = YES;
				IPHONEOS_DEPLOYMENT_TARGET = 15.2;
				MTL_ENABLE_DEBUG_INFO = INCLUDE_SOURCE;
				MTL_FAST_MATH = YES;
				ONLY_ACTIVE_ARCH = YES;
				SDKROOT = iphoneos;
				SWIFT_ACTIVE_COMPILATION_CONDITIONS = DEBUG;
				SWIFT_OPTIMIZATION_LEVEL = "-Onone";
			};
			name = Debug;
		};
		4714B873277EA4DF00BB811D /* Release */ = {
			isa = XCBuildConfiguration;
			buildSettings = {
				ALWAYS_SEARCH_USER_PATHS = NO;
				CLANG_ANALYZER_NONNULL = YES;
				CLANG_ANALYZER_NUMBER_OBJECT_CONVERSION = YES_AGGRESSIVE;
				CLANG_CXX_LANGUAGE_STANDARD = "gnu++17";
				CLANG_CXX_LIBRARY = "libc++";
				CLANG_ENABLE_MODULES = YES;
				CLANG_ENABLE_OBJC_ARC = YES;
				CLANG_ENABLE_OBJC_WEAK = YES;
				CLANG_WARN_BLOCK_CAPTURE_AUTORELEASING = YES;
				CLANG_WARN_BOOL_CONVERSION = YES;
				CLANG_WARN_COMMA = YES;
				CLANG_WARN_CONSTANT_CONVERSION = YES;
				CLANG_WARN_DEPRECATED_OBJC_IMPLEMENTATIONS = YES;
				CLANG_WARN_DIRECT_OBJC_ISA_USAGE = YES_ERROR;
				CLANG_WARN_DOCUMENTATION_COMMENTS = YES;
				CLANG_WARN_EMPTY_BODY = YES;
				CLANG_WARN_ENUM_CONVERSION = YES;
				CLANG_WARN_INFINITE_RECURSION = YES;
				CLANG_WARN_INT_CONVERSION = YES;
				CLANG_WARN_NON_LITERAL_NULL_CONVERSION = YES;
				CLANG_WARN_OBJC_IMPLICIT_RETAIN_SELF = YES;
				CLANG_WARN_OBJC_LITERAL_CONVERSION = YES;
				CLANG_WARN_OBJC_ROOT_CLASS = YES_ERROR;
				CLANG_WARN_QUOTED_INCLUDE_IN_FRAMEWORK_HEADER = YES;
				CLANG_WARN_RANGE_LOOP_ANALYSIS = YES;
				CLANG_WARN_STRICT_PROTOTYPES = YES;
				CLANG_WARN_SUSPICIOUS_MOVE = YES;
				CLANG_WARN_UNGUARDED_AVAILABILITY = YES_AGGRESSIVE;
				CLANG_WARN_UNREACHABLE_CODE = YES;
				CLANG_WARN__DUPLICATE_METHOD_MATCH = YES;
				COPY_PHASE_STRIP = NO;
				DEBUG_INFORMATION_FORMAT = "dwarf-with-dsym";
				ENABLE_NS_ASSERTIONS = NO;
				ENABLE_STRICT_OBJC_MSGSEND = YES;
				GCC_C_LANGUAGE_STANDARD = gnu11;
				GCC_NO_COMMON_BLOCKS = YES;
				GCC_WARN_64_TO_32_BIT_CONVERSION = YES;
				GCC_WARN_ABOUT_RETURN_TYPE = YES_ERROR;
				GCC_WARN_UNDECLARED_SELECTOR = YES;
				GCC_WARN_UNINITIALIZED_AUTOS = YES_AGGRESSIVE;
				GCC_WARN_UNUSED_FUNCTION = YES;
				GCC_WARN_UNUSED_VARIABLE = YES;
				IPHONEOS_DEPLOYMENT_TARGET = 15.2;
				MTL_ENABLE_DEBUG_INFO = NO;
				MTL_FAST_MATH = YES;
				SDKROOT = iphoneos;
				SWIFT_COMPILATION_MODE = wholemodule;
				SWIFT_OPTIMIZATION_LEVEL = "-O";
				VALIDATE_PRODUCT = YES;
			};
			name = Release;
		};
		4714B875277EA4DF00BB811D /* Debug */ = {
			isa = XCBuildConfiguration;
			buildSettings = {
				ASSETCATALOG_COMPILER_APPICON_NAME = AppIcon;
				ASSETCATALOG_COMPILER_GLOBAL_ACCENT_COLOR_NAME = AccentColor;
				CODE_SIGN_STYLE = Automatic;
				CURRENT_PROJECT_VERSION = 1;
				DEVELOPMENT_ASSET_PATHS = "\"UI-409/Preview Content\"";
				DEVELOPMENT_TEAM = 8CL4U468K5;
				ENABLE_PREVIEWS = YES;
				GENERATE_INFOPLIST_FILE = YES;
				INFOPLIST_KEY_UIApplicationSceneManifest_Generation = YES;
				INFOPLIST_KEY_UIApplicationSupportsIndirectInputEvents = YES;
				INFOPLIST_KEY_UILaunchScreen_Generation = YES;
				INFOPLIST_KEY_UISupportedInterfaceOrientations_iPad = "UIInterfaceOrientationPortrait UIInterfaceOrientationPortraitUpsideDown UIInterfaceOrientationLandscapeLeft UIInterfaceOrientationLandscapeRight";
				INFOPLIST_KEY_UISupportedInterfaceOrientations_iPhone = "UIInterfaceOrientationPortrait UIInterfaceOrientationLandscapeLeft UIInterfaceOrientationLandscapeRight";
				LD_RUNPATH_SEARCH_PATHS = (
					"$(inherited)",
					"@executable_path/Frameworks",
				);
				MARKETING_VERSION = 1.0;
				PRODUCT_BUNDLE_IDENTIFIER = "com.585.UI-409";
				PRODUCT_NAME = "$(TARGET_NAME)";
				SWIFT_EMIT_LOC_STRINGS = YES;
				SWIFT_VERSION = 5.0;
				TARGETED_DEVICE_FAMILY = "1,2";
			};
			name = Debug;
		};
		4714B876277EA4DF00BB811D /* Release */ = {
			isa = XCBuildConfiguration;
			buildSettings = {
				ASSETCATALOG_COMPILER_APPICON_NAME = AppIcon;
				ASSETCATALOG_COMPILER_GLOBAL_ACCENT_COLOR_NAME = AccentColor;
				CODE_SIGN_STYLE = Automatic;
				CURRENT_PROJECT_VERSION = 1;
				DEVELOPMENT_ASSET_PATHS = "\"UI-409/Preview Content\"";
				DEVELOPMENT_TEAM = 8CL4U468K5;
				ENABLE_PREVIEWS = YES;
				GENERATE_INFOPLIST_FILE = YES;
				INFOPLIST_KEY_UIApplicationSceneManifest_Generation = YES;
				INFOPLIST_KEY_UIApplicationSupportsIndirectInputEvents = YES;
				INFOPLIST_KEY_UILaunchScreen_Generation = YES;
				INFOPLIST_KEY_UISupportedInterfaceOrientations_iPad = "UIInterfaceOrientationPortrait UIInterfaceOrientationPortraitUpsideDown UIInterfaceOrientationLandscapeLeft UIInterfaceOrientationLandscapeRight";
				INFOPLIST_KEY_UISupportedInterfaceOrientations_iPhone = "UIInterfaceOrientationPortrait UIInterfaceOrientationLandscapeLeft UIInterfaceOrientationLandscapeRight";
				LD_RUNPATH_SEARCH_PATHS = (
					"$(inherited)",
					"@executable_path/Frameworks",
				);
				MARKETING_VERSION = 1.0;
				PRODUCT_BUNDLE_IDENTIFIER = "com.585.UI-409";
				PRODUCT_NAME = "$(TARGET_NAME)";
				SWIFT_EMIT_LOC_STRINGS = YES;
				SWIFT_VERSION = 5.0;
				TARGETED_DEVICE_FAMILY = "1,2";
			};
			name = Release;
		};
		4714B878277EA4DF00BB811D /* Debug */ = {
			isa = XCBuildConfiguration;
			buildSettings = {
				ALWAYS_EMBED_SWIFT_STANDARD_LIBRARIES = YES;
				BUNDLE_LOADER = "$(TEST_HOST)";
				CODE_SIGN_STYLE = Automatic;
				CURRENT_PROJECT_VERSION = 1;
				DEVELOPMENT_TEAM = 8CL4U468K5;
				GENERATE_INFOPLIST_FILE = YES;
				IPHONEOS_DEPLOYMENT_TARGET = 15.2;
				MARKETING_VERSION = 1.0;
				PRODUCT_BUNDLE_IDENTIFIER = "com.585.UI-409Tests";
				PRODUCT_NAME = "$(TARGET_NAME)";
				SWIFT_EMIT_LOC_STRINGS = NO;
				SWIFT_VERSION = 5.0;
				TARGETED_DEVICE_FAMILY = "1,2";
				TEST_HOST = "$(BUILT_PRODUCTS_DIR)/UI-409.app/UI-409";
			};
			name = Debug;
		};
		4714B879277EA4DF00BB811D /* Release */ = {
			isa = XCBuildConfiguration;
			buildSettings = {
				ALWAYS_EMBED_SWIFT_STANDARD_LIBRARIES = YES;
				BUNDLE_LOADER = "$(TEST_HOST)";
				CODE_SIGN_STYLE = Automatic;
				CURRENT_PROJECT_VERSION = 1;
				DEVELOPMENT_TEAM = 8CL4U468K5;
				GENERATE_INFOPLIST_FILE = YES;
				IPHONEOS_DEPLOYMENT_TARGET = 15.2;
				MARKETING_VERSION = 1.0;
				PRODUCT_BUNDLE_IDENTIFIER = "com.585.UI-409Tests";
				PRODUCT_NAME = "$(TARGET_NAME)";
				SWIFT_EMIT_LOC_STRINGS = NO;
				SWIFT_VERSION = 5.0;
				TARGETED_DEVICE_FAMILY = "1,2";
				TEST_HOST = "$(BUILT_PRODUCTS_DIR)/UI-409.app/UI-409";
			};
			name = Release;
		};
		4714B87B277EA4DF00BB811D /* Debug */ = {
			isa = XCBuildConfiguration;
			buildSettings = {
				ALWAYS_EMBED_SWIFT_STANDARD_LIBRARIES = YES;
				CODE_SIGN_STYLE = Automatic;
				CURRENT_PROJECT_VERSION = 1;
				DEVELOPMENT_TEAM = 8CL4U468K5;
				GENERATE_INFOPLIST_FILE = YES;
				MARKETING_VERSION = 1.0;
				PRODUCT_BUNDLE_IDENTIFIER = "com.585.UI-409UITests";
				PRODUCT_NAME = "$(TARGET_NAME)";
				SWIFT_EMIT_LOC_STRINGS = NO;
				SWIFT_VERSION = 5.0;
				TARGETED_DEVICE_FAMILY = "1,2";
				TEST_TARGET_NAME = "UI-409";
			};
			name = Debug;
		};
		4714B87C277EA4DF00BB811D /* Release */ = {
			isa = XCBuildConfiguration;
			buildSettings = {
				ALWAYS_EMBED_SWIFT_STANDARD_LIBRARIES = YES;
				CODE_SIGN_STYLE = Automatic;
				CURRENT_PROJECT_VERSION = 1;
				DEVELOPMENT_TEAM = 8CL4U468K5;
				GENERATE_INFOPLIST_FILE = YES;
				MARKETING_VERSION = 1.0;
				PRODUCT_BUNDLE_IDENTIFIER = "com.585.UI-409UITests";
				PRODUCT_NAME = "$(TARGET_NAME)";
				SWIFT_EMIT_LOC_STRINGS = NO;
				SWIFT_VERSION = 5.0;
				TARGETED_DEVICE_FAMILY = "1,2";
				TEST_TARGET_NAME = "UI-409";
			};
			name = Release;
		};
/* End XCBuildConfiguration section */

/* Begin XCConfigurationList section */
		4714B84B277EA4DD00BB811D /* Build configuration list for PBXProject "UI-409" */ = {
			isa = XCConfigurationList;
			buildConfigurations = (
				4714B872277EA4DF00BB811D /* Debug */,
				4714B873277EA4DF00BB811D /* Release */,
			);
			defaultConfigurationIsVisible = 0;
			defaultConfigurationName = Release;
		};
		4714B874277EA4DF00BB811D /* Build configuration list for PBXNativeTarget "UI-409" */ = {
			isa = XCConfigurationList;
			buildConfigurations = (
				4714B875277EA4DF00BB811D /* Debug */,
				4714B876277EA4DF00BB811D /* Release */,
			);
			defaultConfigurationIsVisible = 0;
			defaultConfigurationName = Release;
		};
		4714B877277EA4DF00BB811D /* Build configuration list for PBXNativeTarget "UI-409Tests" */ = {
			isa = XCConfigurationList;
			buildConfigurations = (
				4714B878277EA4DF00BB811D /* Debug */,
				4714B879277EA4DF00BB811D /* Release */,
			);
			defaultConfigurationIsVisible = 0;
			defaultConfigurationName = Release;
		};
		4714B87A277EA4DF00BB811D /* Build configuration list for PBXNativeTarget "UI-409UITests" */ = {
			isa = XCConfigurationList;
			buildConfigurations = (
				4714B87B277EA4DF00BB811D /* Debug */,
				4714B87C277EA4DF00BB811D /* Release */,
			);
			defaultConfigurationIsVisible = 0;
			defaultConfigurationName = Release;
		};
/* End XCConfigurationList section */
	};
	rootObject = 4714B848277EA4DD00BB811D /* Project object */;
}
